{
  "requires": true,
  "lockfileVersion": 1,
  "dependencies": {
    "@nodelib/fs.scandir": {
      "version": "2.1.3",
      "resolved": "https://registry.npmjs.org/@nodelib/fs.scandir/-/fs.scandir-2.1.3.tgz",
      "integrity": "sha1-Olgr21OATGum0UZXnEblITDPSjs=",
      "requires": {
        "@nodelib/fs.stat": "2.0.3",
        "run-parallel": "^1.1.9"
      }
    },
    "@nodelib/fs.stat": {
      "version": "2.0.3",
      "resolved": "https://registry.npmjs.org/@nodelib/fs.stat/-/fs.stat-2.0.3.tgz",
      "integrity": "sha1-NNxfTKu8cg9OYPdadH5+zWwXW9M="
    },
    "@nodelib/fs.walk": {
      "version": "1.2.4",
      "resolved": "https://registry.npmjs.org/@nodelib/fs.walk/-/fs.walk-1.2.4.tgz",
      "integrity": "sha1-ARuSAqcKY2bkNspcBlhEUoqwSXY=",
      "requires": {
        "@nodelib/fs.scandir": "2.1.3",
        "fastq": "^1.6.0"
      }
    },
    "@types/glob": {
      "version": "7.1.3",
      "resolved": "https://registry.npmjs.org/@types/glob/-/glob-7.1.3.tgz",
      "integrity": "sha512-SEYeGAIQIQX8NN6LDKprLjbrd5dARM5EXsd8GI/A5l0apYI1fGMWgPHSe4ZKL4eozlAyI+doUE9XbYS4xCkQ1w==",
      "requires": {
        "@types/minimatch": "*",
        "@types/node": "*"
      }
    },
    "@types/minimatch": {
      "version": "3.0.3",
      "resolved": "https://registry.npmjs.org/@types/minimatch/-/minimatch-3.0.3.tgz",
      "integrity": "sha1-PcoOPzOyAPx9ETnAzZbBJoyt/Z0="
    },
    "@types/node": {
      "version": "14.0.27",
      "resolved": "https://registry.npmjs.org/@types/node/-/node-14.0.27.tgz",
      "integrity": "sha512-kVrqXhbclHNHGu9ztnAwSncIgJv/FaxmzXJvGXNdcCpV1b8u1/Mi6z6m0vwy0LzKeXFTPLH0NzwmoJ3fNCIq0g=="
    },
    "aggregate-error": {
      "version": "3.0.1",
      "resolved": "https://registry.npmjs.org/aggregate-error/-/aggregate-error-3.0.1.tgz",
      "integrity": "sha1-2y/nJG5Tb0DZtUQqOeEX191qJOA=",
      "requires": {
        "clean-stack": "^2.0.0",
        "indent-string": "^4.0.0"
      }
    },
    "array-union": {
      "version": "2.1.0",
      "resolved": "https://registry.npmjs.org/array-union/-/array-union-2.1.0.tgz",
      "integrity": "sha1-t5hCCtvrHego2ErNii4j0+/oXo0="
    },
    "balanced-match": {
      "version": "1.0.0",
      "resolved": "https://registry.npmjs.org/balanced-match/-/balanced-match-1.0.0.tgz",
      "integrity": "sha1-ibTRmasr7kneFk6gK4nORi1xt2c="
    },
    "brace-expansion": {
      "version": "1.1.11",
      "resolved": "https://registry.npmjs.org/brace-expansion/-/brace-expansion-1.1.11.tgz",
      "integrity": "sha1-PH/L9SnYcibz0vUrlm/1Jx60Qd0=",
      "requires": {
        "balanced-match": "^1.0.0",
        "concat-map": "0.0.1"
      }
    },
    "braces": {
      "version": "3.0.2",
      "resolved": "https://registry.npmjs.org/braces/-/braces-3.0.2.tgz",
      "integrity": "sha1-NFThpGLujVmeI23zNs2epPiv4Qc=",
      "requires": {
        "fill-range": "^7.0.1"
      }
    },
    "classlist-polyfill": {
      "version": "1.2.0",
      "resolved": "https://registry.npmjs.org/classlist-polyfill/-/classlist-polyfill-1.2.0.tgz",
      "integrity": "sha1-k1vC39lFiodrJ5YXUUY4vKqWSi4="
    },
    "clean-stack": {
      "version": "2.2.0",
      "resolved": "https://registry.npmjs.org/clean-stack/-/clean-stack-2.2.0.tgz",
      "integrity": "sha1-7oRy27Ep5yezHooQpCfe6d/kAIs="
    },
    "concat-map": {
      "version": "0.0.1",
      "resolved": "https://registry.npmjs.org/concat-map/-/concat-map-0.0.1.tgz",
      "integrity": "sha1-2Klr13/Wjfd5OnMDajug1UBdR3s="
    },
    "del": {
      "version": "5.1.0",
      "resolved": "https://registry.npmjs.org/del/-/del-5.1.0.tgz",
      "integrity": "sha1-2Uh8lONnQQ5u/ykl7ljAyEp1s6c=",
      "requires": {
        "globby": "^10.0.1",
        "graceful-fs": "^4.2.2",
        "is-glob": "^4.0.1",
        "is-path-cwd": "^2.2.0",
        "is-path-inside": "^3.0.1",
        "p-map": "^3.0.0",
        "rimraf": "^3.0.0",
        "slash": "^3.0.0"
      }
    },
    "dir-glob": {
      "version": "3.0.1",
      "resolved": "https://registry.npmjs.org/dir-glob/-/dir-glob-3.0.1.tgz",
      "integrity": "sha1-Vtv3PZkqSpO6FYT0U0Bj/S5BcX8=",
      "requires": {
        "path-type": "^4.0.0"
      }
    },
    "domready": {
      "version": "1.0.8",
      "resolved": "https://registry.npmjs.org/domready/-/domready-1.0.8.tgz",
      "integrity": "sha1-kfJS5Ze2Wvd+dFriTdAYXV4m1Yw="
    },
    "elem-dataset": {
      "version": "1.1.1",
      "resolved": "https://registry.npmjs.org/elem-dataset/-/elem-dataset-1.1.1.tgz",
      "integrity": "sha1-GPB/p/xx69SbD59jgZywPIJ2V3o="
    },
    "element-closest": {
      "version": "2.0.2",
      "resolved": "https://registry.npmjs.org/element-closest/-/element-closest-2.0.2.tgz",
      "integrity": "sha1-cqdAoQdFM4LijfnOXbtajfD5Zuw="
    },
    "fast-glob": {
      "version": "3.2.4",
      "resolved": "https://registry.npmjs.org/fast-glob/-/fast-glob-3.2.4.tgz",
      "integrity": "sha512-kr/Oo6PX51265qeuCYsyGypiO5uJFgBS0jksyG7FUeCyQzNwYnzrNIMR1NXfkZXsMYXYLRAHgISHBz8gQcxKHQ==",
      "requires": {
        "@nodelib/fs.stat": "^2.0.2",
        "@nodelib/fs.walk": "^1.2.3",
        "glob-parent": "^5.1.0",
        "merge2": "^1.3.0",
        "micromatch": "^4.0.2",
        "picomatch": "^2.2.1"
      }
    },
    "fastq": {
      "version": "1.8.0",
      "resolved": "https://registry.npmjs.org/fastq/-/fastq-1.8.0.tgz",
      "integrity": "sha1-VQ4fn1m7xl/hhctqm02VNXEH9IE=",
      "requires": {
        "reusify": "^1.0.4"
      }
    },
    "fill-range": {
      "version": "7.0.1",
      "resolved": "https://registry.npmjs.org/fill-range/-/fill-range-7.0.1.tgz",
      "integrity": "sha1-GRmmp8df44ssfHflGYU12prN2kA=",
      "requires": {
        "to-regex-range": "^5.0.1"
      }
    },
    "fs.realpath": {
      "version": "1.0.0",
      "resolved": "https://registry.npmjs.org/fs.realpath/-/fs.realpath-1.0.0.tgz",
      "integrity": "sha1-FQStJSMVjKpA20onh8sBQRmU6k8="
    },
    "glob": {
      "version": "7.1.6",
      "resolved": "https://registry.npmjs.org/glob/-/glob-7.1.6.tgz",
      "integrity": "sha1-FB8zuBp8JJLhJVlDB0gMRmeSeKY=",
      "requires": {
        "fs.realpath": "^1.0.0",
        "inflight": "^1.0.4",
        "inherits": "2",
        "minimatch": "^3.0.4",
        "once": "^1.3.0",
        "path-is-absolute": "^1.0.0"
      }
    },
    "glob-parent": {
      "version": "5.1.1",
      "resolved": "https://registry.npmjs.org/glob-parent/-/glob-parent-5.1.1.tgz",
      "integrity": "sha1-tsHvQXxOVmPqSY8cRa+saRa7wik=",
      "requires": {
        "is-glob": "^4.0.1"
      }
    },
    "globby": {
      "version": "10.0.2",
      "resolved": "https://registry.npmjs.org/globby/-/globby-10.0.2.tgz",
      "integrity": "sha1-J3WT50WsqkZGw6tBEonsR6A5JUM=",
      "requires": {
        "@types/glob": "^7.1.1",
        "array-union": "^2.1.0",
        "dir-glob": "^3.0.1",
        "fast-glob": "^3.0.3",
        "glob": "^7.1.3",
        "ignore": "^5.1.1",
        "merge2": "^1.2.3",
        "slash": "^3.0.0"
      }
    },
    "graceful-fs": {
      "version": "4.2.4",
      "resolved": "https://registry.npmjs.org/graceful-fs/-/graceful-fs-4.2.4.tgz",
      "integrity": "sha1-Ila94U02MpWMRl68ltxGfKB6Kfs="
    },
    "ignore": {
      "version": "5.1.8",
      "resolved": "https://registry.npmjs.org/ignore/-/ignore-5.1.8.tgz",
      "integrity": "sha512-BMpfD7PpiETpBl/A6S498BaIJ6Y/ABT93ETbby2fP00v4EbvPBXWEoaR1UBPKs3iR53pJY7EtZk5KACI57i1Uw=="
    },
    "indent-string": {
      "version": "4.0.0",
      "resolved": "https://registry.npmjs.org/indent-string/-/indent-string-4.0.0.tgz",
      "integrity": "sha1-Yk+PRJfWGbLZdoUx1Y9BIoVNclE="
    },
    "inflight": {
      "version": "1.0.6",
      "resolved": "https://registry.npmjs.org/inflight/-/inflight-1.0.6.tgz",
      "integrity": "sha1-Sb1jMdfQLQwJvJEKEHW6gWW1bfk=",
      "requires": {
        "once": "^1.3.0",
        "wrappy": "1"
      }
    },
    "inherits": {
      "version": "2.0.4",
      "resolved": "https://registry.npmjs.org/inherits/-/inherits-2.0.4.tgz",
      "integrity": "sha1-D6LGT5MpF8NDOg3tVTY6rjdBa3w="
    },
    "is-extglob": {
      "version": "2.1.1",
      "resolved": "https://registry.npmjs.org/is-extglob/-/is-extglob-2.1.1.tgz",
      "integrity": "sha1-qIwCU1eR8C7TfHahueqXc8gz+MI="
    },
    "is-glob": {
      "version": "4.0.1",
      "resolved": "https://registry.npmjs.org/is-glob/-/is-glob-4.0.1.tgz",
      "integrity": "sha1-dWfb6fL14kZ7x3q4PEopSCQHpdw=",
      "requires": {
        "is-extglob": "^2.1.1"
      }
    },
    "is-number": {
      "version": "7.0.0",
      "resolved": "https://registry.npmjs.org/is-number/-/is-number-7.0.0.tgz",
      "integrity": "sha1-dTU0W4lnNNX4DE0GxQlVUnoU8Ss="
    },
    "is-path-cwd": {
      "version": "2.2.0",
      "resolved": "https://registry.npmjs.org/is-path-cwd/-/is-path-cwd-2.2.0.tgz",
      "integrity": "sha1-Z9Q7gmZKe1GR/ZEZEn6zAASKn9s="
    },
    "is-path-inside": {
      "version": "3.0.2",
      "resolved": "https://registry.npmjs.org/is-path-inside/-/is-path-inside-3.0.2.tgz",
      "integrity": "sha1-9SIPyCo+IzdXKR3dycWHfyofMBc="
    },
    "keyboardevent-key-polyfill": {
      "version": "1.1.0",
      "resolved": "https://registry.npmjs.org/keyboardevent-key-polyfill/-/keyboardevent-key-polyfill-1.1.0.tgz",
      "integrity": "sha1-ijGdjkWhMXL8pWKGNy+QwdTHAUw="
    },
    "lodash.debounce": {
      "version": "4.0.8",
      "resolved": "https://registry.npmjs.org/lodash.debounce/-/lodash.debounce-4.0.8.tgz",
      "integrity": "sha1-gteb/zCmfEAF/9XiUVMArZyk168="
    },
    "matches-selector": {
      "version": "1.2.0",
      "resolved": "https://registry.npmjs.org/matches-selector/-/matches-selector-1.2.0.tgz",
      "integrity": "sha1-0YFOfo9D5p0irDPJr3J9yITs8So="
    },
    "merge2": {
      "version": "1.4.1",
      "resolved": "https://registry.npmjs.org/merge2/-/merge2-1.4.1.tgz",
      "integrity": "sha512-8q7VEgMJW4J8tcfVPy8g09NcQwZdbwFEqhe/WZkoIzjn/3TGDwtOCYtXGxA3O8tPzpczCCDgv+P2P5y00ZJOOg=="
    },
    "micromatch": {
      "version": "4.0.2",
      "resolved": "https://registry.npmjs.org/micromatch/-/micromatch-4.0.2.tgz",
      "integrity": "sha1-T8sJmb+fvC/L3SEvbWKbmlbDklk=",
      "requires": {
        "braces": "^3.0.1",
        "picomatch": "^2.0.5"
      }
    },
    "minimatch": {
      "version": "3.0.4",
      "resolved": "https://registry.npmjs.org/minimatch/-/minimatch-3.0.4.tgz",
      "integrity": "sha1-UWbihkV/AzBgZL5Ul+jbsMPTIIM=",
      "requires": {
        "brace-expansion": "^1.1.7"
      }
    },
    "object-assign": {
      "version": "4.1.1",
      "resolved": "https://registry.npmjs.org/object-assign/-/object-assign-4.1.1.tgz",
      "integrity": "sha1-IQmtx5ZYh8/AXLvUQsrIv7s2CGM="
    },
    "once": {
      "version": "1.4.0",
      "resolved": "https://registry.npmjs.org/once/-/once-1.4.0.tgz",
      "integrity": "sha1-WDsap3WWHUsROsF9nFC6753Xa9E=",
      "requires": {
        "wrappy": "1"
      }
    },
    "p-map": {
      "version": "3.0.0",
      "resolved": "https://registry.npmjs.org/p-map/-/p-map-3.0.0.tgz",
      "integrity": "sha1-1wTZr4orpoTiYA2aIVmD1BQal50=",
      "requires": {
        "aggregate-error": "^3.0.0"
      }
    },
    "path-is-absolute": {
      "version": "1.0.1",
      "resolved": "https://registry.npmjs.org/path-is-absolute/-/path-is-absolute-1.0.1.tgz",
      "integrity": "sha1-F0uSaHNVNP+8es5r9TpanhtcX18="
    },
    "path-type": {
      "version": "4.0.0",
      "resolved": "https://registry.npmjs.org/path-type/-/path-type-4.0.0.tgz",
      "integrity": "sha1-hO0BwKe6OAr+CdkKjBgNzZ0DBDs="
    },
    "picomatch": {
      "version": "2.2.2",
      "resolved": "https://registry.npmjs.org/picomatch/-/picomatch-2.2.2.tgz",
      "integrity": "sha1-IfMz6ba46v8CRo9RRupAbTRfTa0="
    },
    "receptor": {
      "version": "1.0.0",
      "resolved": "https://registry.npmjs.org/receptor/-/receptor-1.0.0.tgz",
      "integrity": "sha1-v1RHfgOH5Evr84VRILvaWt6gj4s=",
      "requires": {
        "element-closest": "^2.0.1",
        "keyboardevent-key-polyfill": "^1.0.2",
        "matches-selector": "^1.0.0",
        "object-assign": "^4.1.0"
      }
    },
    "resolve-id-refs": {
      "version": "0.1.0",
      "resolved": "https://registry.npmjs.org/resolve-id-refs/-/resolve-id-refs-0.1.0.tgz",
      "integrity": "sha1-MSZiS4h0idqPwK6IljL4QTrGw+w="
    },
    "reusify": {
      "version": "1.0.4",
      "resolved": "https://registry.npmjs.org/reusify/-/reusify-1.0.4.tgz",
      "integrity": "sha1-kNo4Kx4SbvwCFG6QhFqI2xKSXXY="
    },
    "rimraf": {
      "version": "3.0.2",
      "resolved": "https://registry.npmjs.org/rimraf/-/rimraf-3.0.2.tgz",
      "integrity": "sha1-8aVAK6YiCtUswSgrrBrjqkn9Bho=",
      "requires": {
        "glob": "^7.1.3"
      }
    },
    "run-parallel": {
      "version": "1.1.9",
      "resolved": "https://registry.npmjs.org/run-parallel/-/run-parallel-1.1.9.tgz",
      "integrity": "sha1-yd06fPn0ssS2JE4XOm7YZuYd1nk="
    },
    "slash": {
      "version": "3.0.0",
      "resolved": "https://registry.npmjs.org/slash/-/slash-3.0.0.tgz",
      "integrity": "sha1-ZTm+hwwWWtvVJAIg2+Nh8bxNRjQ="
    },
    "to-regex-range": {
      "version": "5.0.1",
      "resolved": "https://registry.npmjs.org/to-regex-range/-/to-regex-range-5.0.1.tgz",
      "integrity": "sha1-FkjESq58jZiKMmAY7XL1tN0DkuQ=",
      "requires": {
        "is-number": "^7.0.0"
      }
    },
    "uswds": {
      "version": "2.8.0",
      "resolved": "https://registry.npmjs.org/uswds/-/uswds-2.8.0.tgz",
      "integrity": "sha512-LI7ZNbh823ehtThvebwQ5eHNKGY791vcT5d3T9gJ+RY511HgstWLRSEEso7YO/ifjoV/FwuTAtDwQqt7zsXRvA==",
      "requires": {
        "classlist-polyfill": "^1.0.3",
        "del": "^5.1.0",
        "domready": "^1.0.8",
        "elem-dataset": "^1.1.1",
        "lodash.debounce": "^4.0.7",
        "object-assign": "^4.1.1",
        "receptor": "^1.0.0",
        "resolve-id-refs": "^0.1.0"
      }
    },
    "wrappy": {
      "version": "1.0.2",
      "resolved": "https://registry.npmjs.org/wrappy/-/wrappy-1.0.2.tgz",
      "integrity": "sha1-tSQ9jz7BqjXxNkYFvA0QNuMKtp8="
    }
  }
}
